
Microsoft Visual Studio Solution File, Format Version 12.00
# Visual Studio 15
VisualStudioVersion = 15.0.27004.2008
MinimumVisualStudioVersion = 10.0.40219.1
Project("{9A19103F-16F7-4668-BE54-9A1E7A4F7556}") = "ProductService", "ProductService.csproj", "{FFA9E6A8-F796-46F5-B845-47EDFE2B0A89}"
EndProject
Project("{FAE04EC0-301F-11D3-BF4B-00C04F79EFBC}") = "RestockService", "..\RestockService\RestockService.csproj", "{905A130E-4C20-44CD-9DB4-ECDBB996C6CE}"
EndProject
Global
	GlobalSection(SolutionConfigurationPlatforms) = preSolution
		Debug|Any CPU = Debug|Any CPU
		Release|Any CPU = Release|Any CPU
	EndGlobalSection
	GlobalSection(ProjectConfigurationPlatforms) = postSolution
		{FFA9E6A8-F796-46F5-B845-47EDFE2B0A89}.Debug|Any CPU.ActiveCfg = Debug|Any CPU
		{FFA9E6A8-F796-46F5-B845-47EDFE2B0A89}.Debug|Any CPU.Build.0 = Debug|Any CPU
		{FFA9E6A8-F796-46F5-B845-47EDFE2B0A89}.Release|Any CPU.ActiveCfg = Release|Any CPU
		{FFA9E6A8-F796-46F5-B845-47EDFE2B0A89}.Release|Any CPU.Build.0 = Release|Any CPU
		{905A130E-4C20-44CD-9DB4-ECDBB996C6CE}.Debug|Any CPU.ActiveCfg = Debug|Any CPU
		{905A130E-4C20-44CD-9DB4-ECDBB996C6CE}.Debug|Any CPU.Build.0 = Debug|Any CPU
		{905A130E-4C20-44CD-9DB4-ECDBB996C6CE}.Release|Any CPU.ActiveCfg = Release|Any CPU
		{905A130E-4C20-44CD-9DB4-ECDBB996C6CE}.Release|Any CPU.Build.0 = Release|Any CPU
		{81798AC9-8A84-48C8-948E-790BD2CC4303}.Debug|Any CPU.ActiveCfg = Debug|Any CPU
		{81798AC9-8A84-48C8-948E-790BD2CC4303}.Debug|Any CPU.Build.0 = Debug|Any CPU
		{81798AC9-8A84-48C8-948E-790BD2CC4303}.Release|Any CPU.ActiveCfg = Release|Any CPU
		{81798AC9-8A84-48C8-948E-790BD2CC4303}.Release|Any CPU.Build.0 = Release|Any CPU
		{BDE925FB-6D00-4827-B8E8-4F8D53398E9A}.Debug|Any CPU.ActiveCfg = Debug|Any CPU
		{BDE925FB-6D00-4827-B8E8-4F8D53398E9A}.Debug|Any CPU.Build.0 = Debug|Any CPU
		{BDE925FB-6D00-4827-B8E8-4F8D53398E9A}.Release|Any CPU.ActiveCfg = Release|Any CPU
		{BDE925FB-6D00-4827-B8E8-4F8D53398E9A}.Release|Any CPU.Build.0 = Release|Any CPU
	EndGlobalSection
	GlobalSection(SolutionProperties) = preSolution
		HideSolutionNode = FALSE
	EndGlobalSection
	GlobalSection(ExtensibilityGlobals) = postSolution
		SolutionGuid = {1B823EAB-3A13-47EF-8DF9-24FF291A7D75}
	EndGlobalSection
EndGlobal
