
Microsoft Visual Studio Solution File, Format Version 12.00
# Visual Studio 15
VisualStudioVersion = 15.0.26730.12
MinimumVisualStudioVersion = 10.0.40219.1
Project("{FAE04EC0-301F-11D3-BF4B-00C04F79EFBC}") = "TeamDThamCo", "TeamDThamCo\TeamDThamCo.csproj", "{04C6CF47-EA84-43CF-B219-91B3C0B45BD2}"
EndProject
Project("{E53339B2-1760-4266-BCC7-CA923CBCF16C}") = "docker-compose", "docker-compose.dcproj", "{8D5222FD-5BDA-4BBE-AF63-E04882E873B7}"
EndProject
Global
	GlobalSection(SolutionConfigurationPlatforms) = preSolution
		Debug|Any CPU = Debug|Any CPU
		Release|Any CPU = Release|Any CPU
	EndGlobalSection
	GlobalSection(ProjectConfigurationPlatforms) = postSolution
		{04C6CF47-EA84-43CF-B219-91B3C0B45BD2}.Debug|Any CPU.ActiveCfg = Debug|Any CPU
		{04C6CF47-EA84-43CF-B219-91B3C0B45BD2}.Debug|Any CPU.Build.0 = Debug|Any CPU
		{04C6CF47-EA84-43CF-B219-91B3C0B45BD2}.Release|Any CPU.ActiveCfg = Release|Any CPU
		{04C6CF47-EA84-43CF-B219-91B3C0B45BD2}.Release|Any CPU.Build.0 = Release|Any CPU
		{8D5222FD-5BDA-4BBE-AF63-E04882E873B7}.Debug|Any CPU.ActiveCfg = Debug|Any CPU
		{8D5222FD-5BDA-4BBE-AF63-E04882E873B7}.Debug|Any CPU.Build.0 = Debug|Any CPU
		{8D5222FD-5BDA-4BBE-AF63-E04882E873B7}.Release|Any CPU.ActiveCfg = Release|Any CPU
		{8D5222FD-5BDA-4BBE-AF63-E04882E873B7}.Release|Any CPU.Build.0 = Release|Any CPU
	EndGlobalSection
	GlobalSection(SolutionProperties) = preSolution
		HideSolutionNode = FALSE
	EndGlobalSection
	GlobalSection(ExtensibilityGlobals) = postSolution
		SolutionGuid = {5D92CC1A-0652-4CB1-B48C-F50CB50E15E1}
	EndGlobalSection
EndGlobal
