
Microsoft Visual Studio Solution File, Format Version 12.00
# Visual Studio 15
VisualStudioVersion = 15.0.26730.12
MinimumVisualStudioVersion = 10.0.40219.1
Project("{FAE04EC0-301F-11D3-BF4B-00C04F79EFBC}") = "CustomerService", "CustomerService\CustomerService.csproj", "{FF0EFDBF-0E54-4302-BB6B-672341AD9650}"
EndProject
Project("{E53339B2-1760-4266-BCC7-CA923CBCF16C}") = "docker-compose", "docker-compose.dcproj", "{AF1272E5-4E27-45D6-B9B6-E9A4B673BE42}"
EndProject
Global
	GlobalSection(SolutionConfigurationPlatforms) = preSolution
		Debug|Any CPU = Debug|Any CPU
		Release|Any CPU = Release|Any CPU
	EndGlobalSection
	GlobalSection(ProjectConfigurationPlatforms) = postSolution
		{FF0EFDBF-0E54-4302-BB6B-672341AD9650}.Debug|Any CPU.ActiveCfg = Debug|Any CPU
		{FF0EFDBF-0E54-4302-BB6B-672341AD9650}.Debug|Any CPU.Build.0 = Debug|Any CPU
		{FF0EFDBF-0E54-4302-BB6B-672341AD9650}.Release|Any CPU.ActiveCfg = Release|Any CPU
		{FF0EFDBF-0E54-4302-BB6B-672341AD9650}.Release|Any CPU.Build.0 = Release|Any CPU
		{AF1272E5-4E27-45D6-B9B6-E9A4B673BE42}.Debug|Any CPU.ActiveCfg = Debug|Any CPU
		{AF1272E5-4E27-45D6-B9B6-E9A4B673BE42}.Debug|Any CPU.Build.0 = Debug|Any CPU
		{AF1272E5-4E27-45D6-B9B6-E9A4B673BE42}.Release|Any CPU.ActiveCfg = Release|Any CPU
		{AF1272E5-4E27-45D6-B9B6-E9A4B673BE42}.Release|Any CPU.Build.0 = Release|Any CPU
	EndGlobalSection
	GlobalSection(SolutionProperties) = preSolution
		HideSolutionNode = FALSE
	EndGlobalSection
	GlobalSection(ExtensibilityGlobals) = postSolution
		SolutionGuid = {4254C205-9A03-4F16-A48B-7407059204EE}
	EndGlobalSection
EndGlobal
