
Microsoft Visual Studio Solution File, Format Version 12.00
# Visual Studio 15
VisualStudioVersion = 15.0.26730.12
MinimumVisualStudioVersion = 10.0.40219.1
Project("{FAE04EC0-301F-11D3-BF4B-00C04F79EFBC}") = "MessagingService", "MessagingService\MessagingService.csproj", "{BE39651A-88E2-4C24-8A13-AD746ED03FBD}"
EndProject
Project("{E53339B2-1760-4266-BCC7-CA923CBCF16C}") = "docker-compose", "docker-compose.dcproj", "{0EAB3A92-8F28-40C1-9666-BE4B156F40C8}"
EndProject
Global
	GlobalSection(SolutionConfigurationPlatforms) = preSolution
		Debug|Any CPU = Debug|Any CPU
		Release|Any CPU = Release|Any CPU
	EndGlobalSection
	GlobalSection(ProjectConfigurationPlatforms) = postSolution
		{BE39651A-88E2-4C24-8A13-AD746ED03FBD}.Debug|Any CPU.ActiveCfg = Debug|Any CPU
		{BE39651A-88E2-4C24-8A13-AD746ED03FBD}.Debug|Any CPU.Build.0 = Debug|Any CPU
		{BE39651A-88E2-4C24-8A13-AD746ED03FBD}.Release|Any CPU.ActiveCfg = Release|Any CPU
		{BE39651A-88E2-4C24-8A13-AD746ED03FBD}.Release|Any CPU.Build.0 = Release|Any CPU
		{0EAB3A92-8F28-40C1-9666-BE4B156F40C8}.Debug|Any CPU.ActiveCfg = Debug|Any CPU
		{0EAB3A92-8F28-40C1-9666-BE4B156F40C8}.Debug|Any CPU.Build.0 = Debug|Any CPU
		{0EAB3A92-8F28-40C1-9666-BE4B156F40C8}.Release|Any CPU.ActiveCfg = Release|Any CPU
		{0EAB3A92-8F28-40C1-9666-BE4B156F40C8}.Release|Any CPU.Build.0 = Release|Any CPU
	EndGlobalSection
	GlobalSection(SolutionProperties) = preSolution
		HideSolutionNode = FALSE
	EndGlobalSection
	GlobalSection(ExtensibilityGlobals) = postSolution
		SolutionGuid = {63F50B1A-E28D-41D2-9AA6-DF99E1005234}
	EndGlobalSection
EndGlobal
