Microsoft Visual Studio Solution File, Format Version 12.00
# Visual Studio 15
VisualStudioVersion = 15.0.26730.12
MinimumVisualStudioVersion = 10.0.40219.1
Project("{E53339B2-1760-4266-BCC7-CA923CBCF16C}") = "docker-compose", "docker-compose.dcproj", "{26D1F72B-4F05-43B9-BC48-F67EFF70B218}"
EndProject
Project("{9A19103F-16F7-4668-BE54-9A1E7A4F7556}") = "OrderService", "..\OrderService\OrderService.csproj", "{B277DECA-F052-4A18-8507-B6A55E98C477}"
EndProject
Project("{9A19103F-16F7-4668-BE54-9A1E7A4F7556}") = "OrderService.Test", "..\OrderService.Test\OrderService.Test.csproj", "{605CF9CE-2836-4711-9B6E-10D76E408FEF}"
EndProject
Project("{9A19103F-16F7-4668-BE54-9A1E7A4F7556}") = "BasketService.Test", "..\BasketService.Test\BasketService.Test.csproj", "{359579E3-215A-4F8C-AF85-98683E3F819A}"
EndProject
Project("{FAE04EC0-301F-11D3-BF4B-00C04F79EFBC}") = "BasketService", "..\BasketService\BasketService.csproj", "{6FAF8019-B0CC-452A-8E88-850A3037E4F3}"
EndProject
Global
	GlobalSection(SolutionConfigurationPlatforms) = preSolution
		Debug|Any CPU = Debug|Any CPU
		Debug|x64 = Debug|x64
		Debug|x86 = Debug|x86
		Release|Any CPU = Release|Any CPU
		Release|x64 = Release|x64
		Release|x86 = Release|x86
	EndGlobalSection
	GlobalSection(ProjectConfigurationPlatforms) = postSolution
		{26D1F72B-4F05-43B9-BC48-F67EFF70B218}.Debug|Any CPU.ActiveCfg = Debug|Any CPU
		{26D1F72B-4F05-43B9-BC48-F67EFF70B218}.Debug|Any CPU.Build.0 = Debug|Any CPU
		{26D1F72B-4F05-43B9-BC48-F67EFF70B218}.Debug|x64.ActiveCfg = Debug|Any CPU
		{26D1F72B-4F05-43B9-BC48-F67EFF70B218}.Debug|x64.Build.0 = Debug|Any CPU
		{26D1F72B-4F05-43B9-BC48-F67EFF70B218}.Debug|x86.ActiveCfg = Debug|Any CPU
		{26D1F72B-4F05-43B9-BC48-F67EFF70B218}.Debug|x86.Build.0 = Debug|Any CPU
		{26D1F72B-4F05-43B9-BC48-F67EFF70B218}.Release|Any CPU.ActiveCfg = Release|Any CPU
		{26D1F72B-4F05-43B9-BC48-F67EFF70B218}.Release|Any CPU.Build.0 = Release|Any CPU
		{26D1F72B-4F05-43B9-BC48-F67EFF70B218}.Release|x64.ActiveCfg = Release|Any CPU
		{26D1F72B-4F05-43B9-BC48-F67EFF70B218}.Release|x64.Build.0 = Release|Any CPU
		{26D1F72B-4F05-43B9-BC48-F67EFF70B218}.Release|x86.ActiveCfg = Release|Any CPU
		{26D1F72B-4F05-43B9-BC48-F67EFF70B218}.Release|x86.Build.0 = Release|Any CPU
		{B277DECA-F052-4A18-8507-B6A55E98C477}.Debug|Any CPU.ActiveCfg = Debug|Any CPU
		{B277DECA-F052-4A18-8507-B6A55E98C477}.Debug|Any CPU.Build.0 = Debug|Any CPU
		{B277DECA-F052-4A18-8507-B6A55E98C477}.Debug|x64.ActiveCfg = Debug|Any CPU
		{B277DECA-F052-4A18-8507-B6A55E98C477}.Debug|x64.Build.0 = Debug|Any CPU
		{B277DECA-F052-4A18-8507-B6A55E98C477}.Debug|x86.ActiveCfg = Debug|Any CPU
		{B277DECA-F052-4A18-8507-B6A55E98C477}.Debug|x86.Build.0 = Debug|Any CPU
		{B277DECA-F052-4A18-8507-B6A55E98C477}.Release|Any CPU.ActiveCfg = Release|Any CPU
		{B277DECA-F052-4A18-8507-B6A55E98C477}.Release|Any CPU.Build.0 = Release|Any CPU
		{B277DECA-F052-4A18-8507-B6A55E98C477}.Release|x64.ActiveCfg = Release|Any CPU
		{B277DECA-F052-4A18-8507-B6A55E98C477}.Release|x64.Build.0 = Release|Any CPU
		{B277DECA-F052-4A18-8507-B6A55E98C477}.Release|x86.ActiveCfg = Release|Any CPU
		{B277DECA-F052-4A18-8507-B6A55E98C477}.Release|x86.Build.0 = Release|Any CPU
		{605CF9CE-2836-4711-9B6E-10D76E408FEF}.Debug|Any CPU.ActiveCfg = Debug|Any CPU
		{605CF9CE-2836-4711-9B6E-10D76E408FEF}.Debug|Any CPU.Build.0 = Debug|Any CPU
		{605CF9CE-2836-4711-9B6E-10D76E408FEF}.Debug|x64.ActiveCfg = Debug|Any CPU
		{605CF9CE-2836-4711-9B6E-10D76E408FEF}.Debug|x64.Build.0 = Debug|Any CPU
		{605CF9CE-2836-4711-9B6E-10D76E408FEF}.Debug|x86.ActiveCfg = Debug|Any CPU
		{605CF9CE-2836-4711-9B6E-10D76E408FEF}.Debug|x86.Build.0 = Debug|Any CPU
		{605CF9CE-2836-4711-9B6E-10D76E408FEF}.Release|Any CPU.ActiveCfg = Release|Any CPU
		{605CF9CE-2836-4711-9B6E-10D76E408FEF}.Release|Any CPU.Build.0 = Release|Any CPU
		{605CF9CE-2836-4711-9B6E-10D76E408FEF}.Release|x64.ActiveCfg = Release|Any CPU
		{605CF9CE-2836-4711-9B6E-10D76E408FEF}.Release|x64.Build.0 = Release|Any CPU
		{605CF9CE-2836-4711-9B6E-10D76E408FEF}.Release|x86.ActiveCfg = Release|Any CPU
		{605CF9CE-2836-4711-9B6E-10D76E408FEF}.Release|x86.Build.0 = Release|Any CPU
		{359579E3-215A-4F8C-AF85-98683E3F819A}.Debug|Any CPU.ActiveCfg = Debug|Any CPU
		{359579E3-215A-4F8C-AF85-98683E3F819A}.Debug|Any CPU.Build.0 = Debug|Any CPU
		{359579E3-215A-4F8C-AF85-98683E3F819A}.Debug|x64.ActiveCfg = Debug|Any CPU
		{359579E3-215A-4F8C-AF85-98683E3F819A}.Debug|x64.Build.0 = Debug|Any CPU
		{359579E3-215A-4F8C-AF85-98683E3F819A}.Debug|x86.ActiveCfg = Debug|Any CPU
		{359579E3-215A-4F8C-AF85-98683E3F819A}.Debug|x86.Build.0 = Debug|Any CPU
		{359579E3-215A-4F8C-AF85-98683E3F819A}.Release|Any CPU.ActiveCfg = Release|Any CPU
		{359579E3-215A-4F8C-AF85-98683E3F819A}.Release|Any CPU.Build.0 = Release|Any CPU
		{359579E3-215A-4F8C-AF85-98683E3F819A}.Release|x64.ActiveCfg = Release|Any CPU
		{359579E3-215A-4F8C-AF85-98683E3F819A}.Release|x64.Build.0 = Release|Any CPU
		{359579E3-215A-4F8C-AF85-98683E3F819A}.Release|x86.ActiveCfg = Release|Any CPU
		{359579E3-215A-4F8C-AF85-98683E3F819A}.Release|x86.Build.0 = Release|Any CPU
		{6FAF8019-B0CC-452A-8E88-850A3037E4F3}.Debug|Any CPU.ActiveCfg = Debug|Any CPU
		{6FAF8019-B0CC-452A-8E88-850A3037E4F3}.Debug|Any CPU.Build.0 = Debug|Any CPU
		{6FAF8019-B0CC-452A-8E88-850A3037E4F3}.Debug|x64.ActiveCfg = Debug|Any CPU
		{6FAF8019-B0CC-452A-8E88-850A3037E4F3}.Debug|x64.Build.0 = Debug|Any CPU
		{6FAF8019-B0CC-452A-8E88-850A3037E4F3}.Debug|x86.ActiveCfg = Debug|Any CPU
		{6FAF8019-B0CC-452A-8E88-850A3037E4F3}.Debug|x86.Build.0 = Debug|Any CPU
		{6FAF8019-B0CC-452A-8E88-850A3037E4F3}.Release|Any CPU.ActiveCfg = Release|Any CPU
		{6FAF8019-B0CC-452A-8E88-850A3037E4F3}.Release|Any CPU.Build.0 = Release|Any CPU
		{6FAF8019-B0CC-452A-8E88-850A3037E4F3}.Release|x64.ActiveCfg = Release|Any CPU
		{6FAF8019-B0CC-452A-8E88-850A3037E4F3}.Release|x64.Build.0 = Release|Any CPU
		{6FAF8019-B0CC-452A-8E88-850A3037E4F3}.Release|x86.ActiveCfg = Release|Any CPU
		{6FAF8019-B0CC-452A-8E88-850A3037E4F3}.Release|x86.Build.0 = Release|Any CPU
	EndGlobalSection
	GlobalSection(SolutionProperties) = preSolution
		HideSolutionNode = FALSE
	EndGlobalSection
	GlobalSection(ExtensibilityGlobals) = postSolution
		SolutionGuid = {27C9D622-E6E7-4381-A072-9E2831A7D396}
	EndGlobalSection
EndGlobal
